
Microsoft Visual Studio Solution File, Format Version 12.00
# Visual Studio Version 17
VisualStudioVersion = 17.4.33122.133
MinimumVisualStudioVersion = 10.0.40219.1
Project("{9A19103F-16F7-4668-BE54-9A1E7A4F7556}") = "SyncLink.Server", "SyncLink.Server.csproj", "{9A4069B0-3EA0-453B-9014-A8506924FE56}"
EndProject
Project("{FAE04EC0-301F-11D3-BF4B-00C04F79EFBC}") = "SyncLink.Data", "..\SyncLink.Data\SyncLink.Data.csproj", "{A9A9DF76-4587-47BB-A725-04D23819F8A1}"
EndProject
Project("{FAE04EC0-301F-11D3-BF4B-00C04F79EFBC}") = "SyncLink.Application", "..\SyncLink.Application\SyncLink.Application.csproj", "{C21810CE-2C26-4D53-B5F3-9E5C239A6108}"
EndProject
Global
	GlobalSection(SolutionConfigurationPlatforms) = preSolution
		Debug|Any CPU = Debug|Any CPU
		Release|Any CPU = Release|Any CPU
	EndGlobalSection
	GlobalSection(ProjectConfigurationPlatforms) = postSolution
		{9A4069B0-3EA0-453B-9014-A8506924FE56}.Debug|Any CPU.ActiveCfg = Debug|Any CPU
		{9A4069B0-3EA0-453B-9014-A8506924FE56}.Debug|Any CPU.Build.0 = Debug|Any CPU
		{9A4069B0-3EA0-453B-9014-A8506924FE56}.Release|Any CPU.ActiveCfg = Release|Any CPU
		{9A4069B0-3EA0-453B-9014-A8506924FE56}.Release|Any CPU.Build.0 = Release|Any CPU
		{A9A9DF76-4587-47BB-A725-04D23819F8A1}.Debug|Any CPU.ActiveCfg = Debug|Any CPU
		{A9A9DF76-4587-47BB-A725-04D23819F8A1}.Debug|Any CPU.Build.0 = Debug|Any CPU
		{A9A9DF76-4587-47BB-A725-04D23819F8A1}.Release|Any CPU.ActiveCfg = Release|Any CPU
		{A9A9DF76-4587-47BB-A725-04D23819F8A1}.Release|Any CPU.Build.0 = Release|Any CPU
		{C21810CE-2C26-4D53-B5F3-9E5C239A6108}.Debug|Any CPU.ActiveCfg = Debug|Any CPU
		{C21810CE-2C26-4D53-B5F3-9E5C239A6108}.Debug|Any CPU.Build.0 = Debug|Any CPU
		{C21810CE-2C26-4D53-B5F3-9E5C239A6108}.Release|Any CPU.ActiveCfg = Release|Any CPU
		{C21810CE-2C26-4D53-B5F3-9E5C239A6108}.Release|Any CPU.Build.0 = Release|Any CPU
	EndGlobalSection
	GlobalSection(SolutionProperties) = preSolution
		HideSolutionNode = FALSE
	EndGlobalSection
	GlobalSection(ExtensibilityGlobals) = postSolution
		SolutionGuid = {8B48C204-238A-44C3-980F-209B7BAD1B76}
	EndGlobalSection
EndGlobal
