
Microsoft Visual Studio Solution File, Format Version 12.00
# Visual Studio Version 17
VisualStudioVersion = 17.4.33122.133
MinimumVisualStudioVersion = 10.0.40219.1
Project("{FAE04EC0-301F-11D3-BF4B-00C04F79EFBC}") = "SyncLink.Server", "SyncLink\SyncLink.Server.csproj", "{08DBB17F-A5A3-4B4D-859F-2C36F9FC21E5}"
EndProject
Global
	GlobalSection(SolutionConfigurationPlatforms) = preSolution
		Debug|Any CPU = Debug|Any CPU
		Release|Any CPU = Release|Any CPU
	EndGlobalSection
	GlobalSection(ProjectConfigurationPlatforms) = postSolution
		{08DBB17F-A5A3-4B4D-859F-2C36F9FC21E5}.Debug|Any CPU.ActiveCfg = Debug|Any CPU
		{08DBB17F-A5A3-4B4D-859F-2C36F9FC21E5}.Debug|Any CPU.Build.0 = Debug|Any CPU
		{08DBB17F-A5A3-4B4D-859F-2C36F9FC21E5}.Release|Any CPU.ActiveCfg = Release|Any CPU
		{08DBB17F-A5A3-4B4D-859F-2C36F9FC21E5}.Release|Any CPU.Build.0 = Release|Any CPU
	EndGlobalSection
	GlobalSection(SolutionProperties) = preSolution
		HideSolutionNode = FALSE
	EndGlobalSection
	GlobalSection(ExtensibilityGlobals) = postSolution
		SolutionGuid = {FB56CCD3-C1D6-42D6-ABC8-938324692C25}
	EndGlobalSection
EndGlobal
